<?xml version="1.0" encoding="utf-8"?>
<Project ToolsVersion="4.0" xmlns="http://schemas.microsoft.com/developer/msbuild/2003">
  <ItemGroup>
    <ClInclude Include="Framework.h" />
    <ClInclude Include="Systems\D3D.h">
      <Filter>System</Filter>
    </ClInclude>
    <ClInclude Include="Systems\IExecutable.h">
      <Filter>System</Filter>
    </ClInclude>
    <ClInclude Include="Systems\Window.h">
      <Filter>System</Filter>
    </ClInclude>
    <ClInclude Include="Core\Color.h">
      <Filter>Core</Filter>
    </ClInclude>
    <ClInclude Include="Viewer\Camera.h">
      <Filter>Viewer</Filter>
    </ClInclude>
    <ClInclude Include="Renders\Context.h">
      <Filter>Renders</Filter>
    </ClInclude>
    <ClInclude Include="Systems\Timer.h">
      <Filter>System</Filter>
    </ClInclude>
    <ClInclude Include="Systems\Mouse.h">
      <Filter>System</Filter>
    </ClInclude>
    <ClInclude Include="Systems\Keyboard.h">
      <Filter>System</Filter>
    </ClInclude>
    <ClInclude Include="Core\Math.h">
      <Filter>Core</Filter>
    </ClInclude>
    <ClInclude Include="Renders\Texture.h">
      <Filter>Renders</Filter>
    </ClInclude>
    <ClInclude Include="Utilities\String.h">
      <Filter>Utilities</Filter>
    </ClInclude>
    <ClInclude Include="Utilities\Path.h">
      <Filter>Utilities</Filter>
    </ClInclude>
    <ClInclude Include="Renders\VertexLayout.h">
      <Filter>Renders</Filter>
    </ClInclude>
    <ClInclude Include="Renders\CBuffers.h">
      <Filter>Renders</Filter>
    </ClInclude>
    <ClInclude Include="Renders\Mesh.h">
      <Filter>Renders</Filter>
    </ClInclude>
    <ClInclude Include="Systems\GraphicsDevice.h">
      <Filter>System</Filter>
    </ClInclude>
    <ClInclude Include="Renders\Material.h">
      <Filter>Renders</Filter>
    </ClInclude>
    <ClInclude Include="Renders\MeshData.h">
      <Filter>Renders</Filter>
    </ClInclude>
    <ClInclude Include="ModelTools\GeometryFactory.h">
      <Filter>ModelTools</Filter>
    </ClInclude>
    <ClInclude Include="ModelTools\ModelLoader.h">
      <Filter>ModelTools</Filter>
    </ClInclude>
    <ClInclude Include="Renders\CubeMapping.h">
      <Filter>Renders</Filter>
    </ClInclude>
    <ClInclude Include="Manager\Engine.h">
      <Filter>Manager</Filter>
    </ClInclude>
    <ClInclude Include="Manager\TextureManager.h">
      <Filter>Manager</Filter>
    </ClInclude>
    <ClInclude Include="Manager\ShaderManager.h">
      <Filter>Manager</Filter>
    </ClInclude>
    <ClInclude Include="Core\DynamicMulticastDelegate.h">
      <Filter>Core</Filter>
    </ClInclude>
    <ClInclude Include="Components\Transform.h">
      <Filter>Components</Filter>
    </ClInclude>
    <ClInclude Include="Billboards\BillboardPoint.h">
      <Filter>Billboards</Filter>
    </ClInclude>
    <ClInclude Include="Billboards\BillboardData.h">
      <Filter>Billboards</Filter>
    </ClInclude>
    <ClInclude Include="Billboards\IBillboardRenderer.h">
      <Filter>Billboards</Filter>
    </ClInclude>
    <ClInclude Include="Billboards\BillboardRenderer_GS.h">
      <Filter>Billboards</Filter>
    </ClInclude>
    <ClInclude Include="Manager\LightManager.h">
      <Filter>Manager</Filter>
    </ClInclude>
    <ClInclude Include="PostProcess\ImageFilter.h">
      <Filter>PostProcess</Filter>
    </ClInclude>
    <ClInclude Include="PostProcess\PostProcess.h">
      <Filter>PostProcess</Filter>
    </ClInclude>
    <ClInclude Include="Renders\GraphicsCommon.h">
      <Filter>Renders</Filter>
    </ClInclude>
    <ClInclude Include="Renders\GraphicsPSO.h">
      <Filter>Renders</Filter>
    </ClInclude>
    <ClInclude Include="Utilities\D3D11Utils.h">
      <Filter>Utilities</Filter>
    </ClInclude>
    <ClInclude Include="Components\UObject.h">
      <Filter>Components</Filter>
    </ClInclude>
    <ClInclude Include="Components\UActorComponent.h">
      <Filter>Components</Filter>
    </ClInclude>
    <ClInclude Include="Components\AActor.h">
      <Filter>Components</Filter>
    </ClInclude>
    <ClInclude Include="Components\UWorld.h">
      <Filter>Components</Filter>
    </ClInclude>
    <ClInclude Include="Components\USceneComponent.h">
      <Filter>Components</Filter>
    </ClInclude>
    <ClInclude Include="Components\UPrimitiveComponent.h">
      <Filter>Components</Filter>
    </ClInclude>
    <ClInclude Include="Components\UStaticMeshComponent.h">
      <Filter>Components</Filter>
    </ClInclude>
    <ClInclude Include="Renders\RenderTypes.h">
      <Filter>Renders</Filter>
    </ClInclude>
    <ClInclude Include="Renders\URenderQueue.h">
      <Filter>Renders</Filter>
    </ClInclude>
    <ClInclude Include="Renders\Model.h">
      <Filter>Renders</Filter>
    </ClInclude>
    <ClInclude Include="Core\UGameInstance.h">
      <Filter>Core</Filter>
    </ClInclude>
    <ClInclude Include="Renders\URenderer.h">
      <Filter>Renders</Filter>
    </ClInclude>
    <ClInclude Include="Components\USkyboxComponent.h">
      <Filter>Components</Filter>
    </ClInclude>
    <ClInclude Include="Core\URenderManager.h">
      <Filter>Core</Filter>
    </ClInclude>
    <ClInclude Include="Components\ULightComponent.h">
      <Filter>Components</Filter>
    </ClInclude>
    <ClInclude Include="Utilities\Profiler.h">
      <Filter>Utilities</Filter>
    </ClInclude>
    <ClInclude Include="ImGUI\imconfig.h">
      <Filter>ImGUI</Filter>
    </ClInclude>
    <ClInclude Include="ImGUI\imgui.h">
      <Filter>ImGUI</Filter>
    </ClInclude>
    <ClInclude Include="ImGUI\imgui_impl_dx11.h">
      <Filter>ImGUI</Filter>
    </ClInclude>
    <ClInclude Include="ImGUI\imgui_impl_win32.h">
      <Filter>ImGUI</Filter>
    </ClInclude>
    <ClInclude Include="ImGUI\imgui_internal.h">
      <Filter>ImGUI</Filter>
    </ClInclude>
    <ClInclude Include="ImGUI\imstb_rectpack.h">
      <Filter>ImGUI</Filter>
    </ClInclude>
    <ClInclude Include="ImGUI\imstb_textedit.h">
      <Filter>ImGUI</Filter>
    </ClInclude>
    <ClInclude Include="ImGUI\imstb_truetype.h">
      <Filter>ImGUI</Filter>
    </ClInclude>
    <ClInclude Include="ImGUI\ImGuizmo.h">
      <Filter>ImGUI</Filter>
    </ClInclude>
    <ClInclude Include="Editor\EditorApplication.h">
      <Filter>Editor</Filter>
    </ClInclude>
    <ClInclude Include="Editor\Entity.h">
      <Filter>Editor</Filter>
    </ClInclude>
    <ClInclude Include="Editor\Editor.h">
      <Filter>Editor</Filter>
    </ClInclude>
    <ClInclude Include="Editor\EditorWindow.h">
      <Filter>Editor</Filter>
    </ClInclude>
    <ClInclude Include="Editor\ImGuiManager.h">
      <Filter>Editor</Filter>
    </ClInclude>
    <ClInclude Include="Editor\InspectorWindow.h">
      <Filter>Editor</Filter>
    </ClInclude>
    <ClInclude Include="Editor\WorldOutlinerWindow.h">
      <Filter>Editor</Filter>
    </ClInclude>
    <ClInclude Include="Editor\EditorSelection.h">
      <Filter>Editor</Filter>
    </ClInclude>
    <ClInclude Include="Editor\TransformEditor.h">
      <Filter>Editor</Filter>
    </ClInclude>
    <ClInclude Include="Editor\LightEditor.h">
      <Filter>Editor</Filter>
    </ClInclude>
    <ClInclude Include="Editor\ComponentHierarchyWindow.h">
      <Filter>Editor</Filter>
    </ClInclude>
    <ClInclude Include="Editor\EditorGizmoSystem.h">
      <Filter>Editor</Filter>
    </ClInclude>
    <ClInclude Include="PostProcess\PostEffects.h">
      <Filter>PostProcess</Filter>
    </ClInclude>
    <ClInclude Include="Editor\RendererSettingsWindow.h">
      <Filter>Editor</Filter>
    </ClInclude>
    <ClInclude Include="Editor\StaticMeshEditor.h">
      <Filter>Editor</Filter>
    </ClInclude>
    <ClInclude Include="MathHelper.h">
      <Filter>Core</Filter>
    </ClInclude>
    <ClInclude Include="Definitions.h">
      <Filter>Core</Filter>
    </ClInclude>
    <ClInclude Include="Animations\AnimationClip.h">
      <Filter>Animations</Filter>
    </ClInclude>
    <ClInclude Include="Utilities\StructuredBuffer.h">
      <Filter>Utilities</Filter>
    </ClInclude>
    <ClInclude Include="Components\USkinnedMeshComponent.h">
      <Filter>Components</Filter>
    </ClInclude>
    <ClInclude Include="Components\UStaticMeshRenderProxy.h">
      <Filter>Components\Proxy</Filter>
    </ClInclude>
    <ClInclude Include="Components\USkyboxRenderProxy.h">
      <Filter>Components\Proxy</Filter>
    </ClInclude>
    <ClInclude Include="Components\URenderProxy.h">
      <Filter>Components\Proxy</Filter>
    </ClInclude>
    <ClInclude Include="Components\USkinnedMeshRenderProxy.h">
      <Filter>Components\Proxy</Filter>
    </ClInclude>
    <ClInclude Include="Components\UAnimInstance.h">
      <Filter>Components</Filter>
    </ClInclude>
    <ClInclude Include="Components\USkeletalMeshComponent.h">
      <Filter>Components</Filter>
    </ClInclude>
    <ClInclude Include="Manager\CPUAssetManager.h">
      <Filter>Manager</Filter>
    </ClInclude>
    <ClInclude Include="Manager\GPUAssetManager.h">
      <Filter>Manager</Filter>
    </ClInclude>
    <ClInclude Include="Utilities\PerfMon.h">
      <Filter>Utilities</Filter>
    </ClInclude>
    <ClInclude Include="Editor\SkeletalEditor.h">
      <Filter>Editor</Filter>
    </ClInclude>
    <ClInclude Include="Editor\AnimationEditor.h">
      <Filter>Editor</Filter>
    </ClInclude>
    <ClInclude Include="Gameplay\AGameMode.h">
      <Filter>Gameplay</Filter>
    </ClInclude>
    <ClInclude Include="Gameplay\AController.h">
      <Filter>Gameplay</Filter>
    </ClInclude>
    <ClInclude Include="Gameplay\APlayerController.h">
      <Filter>Gameplay</Filter>
    </ClInclude>
    <ClInclude Include="Gameplay\APawn.h">
      <Filter>Gameplay</Filter>
    </ClInclude>
    <ClInclude Include="Gameplay\ACharacter.h">
      <Filter>Gameplay</Filter>
    </ClInclude>
    <ClInclude Include="Editor\PawnEditor.h">
      <Filter>Editor</Filter>
    </ClInclude>
    <ClInclude Include="Gameplay\ClassID.h">
      <Filter>Gameplay</Filter>
    </ClInclude>
    <ClInclude Include="Gameplay\ClassIDRegister.h">
      <Filter>Gameplay</Filter>
    </ClInclude>
    <ClInclude Include="Editor\ControllerEditor.h">
      <Filter>Editor</Filter>
    </ClInclude>
    <ClInclude Include="Editor\FEditorCommandQueue.h">
      <Filter>Editor</Filter>
    </ClInclude>
  </ItemGroup>
  <ItemGroup>
    <ClCompile Include="Framework.cpp" />
    <ClCompile Include="Systems\D3D.cpp">
      <Filter>System</Filter>
    </ClCompile>
    <ClCompile Include="Systems\Window.cpp">
      <Filter>System</Filter>
    </ClCompile>
    <ClCompile Include="Core\Color.cpp">
      <Filter>Core</Filter>
    </ClCompile>
    <ClCompile Include="Viewer\Camera.cpp">
      <Filter>Viewer</Filter>
    </ClCompile>
    <ClCompile Include="Renders\Context.cpp">
      <Filter>Renders</Filter>
    </ClCompile>
    <ClCompile Include="Systems\Timer.cpp">
      <Filter>System</Filter>
    </ClCompile>
    <ClCompile Include="Systems\Mouse.cpp">
      <Filter>System</Filter>
    </ClCompile>
    <ClCompile Include="Systems\Keyboard.cpp">
      <Filter>System</Filter>
    </ClCompile>
    <ClCompile Include="Core\Math.cpp">
      <Filter>Core</Filter>
    </ClCompile>
    <ClCompile Include="Renders\Texture.cpp">
      <Filter>Renders</Filter>
    </ClCompile>
    <ClCompile Include="Utilities\String.cpp">
      <Filter>Utilities</Filter>
    </ClCompile>
    <ClCompile Include="Utilities\Path.cpp">
      <Filter>Utilities</Filter>
    </ClCompile>
    <ClCompile Include="Systems\GraphicsDevice.cpp">
      <Filter>System</Filter>
    </ClCompile>
    <ClCompile Include="ModelTools\GeometryFactory.cpp">
      <Filter>ModelTools</Filter>
    </ClCompile>
    <ClCompile Include="ModelTools\ModelLoader.cpp">
      <Filter>ModelTools</Filter>
    </ClCompile>
    <ClCompile Include="Manager\Engine.cpp">
      <Filter>Manager</Filter>
    </ClCompile>
    <ClCompile Include="Manager\TextureManager.cpp">
      <Filter>Manager</Filter>
    </ClCompile>
    <ClCompile Include="Manager\ShaderManager.cpp">
      <Filter>Manager</Filter>
    </ClCompile>
    <ClCompile Include="Core\DynamicMulticastDelegate.cpp">
      <Filter>Core</Filter>
    </ClCompile>
    <ClCompile Include="Components\Transform.cpp">
      <Filter>Components</Filter>
    </ClCompile>
    <ClCompile Include="Billboards\BillboardData.cpp">
      <Filter>Billboards</Filter>
    </ClCompile>
    <ClCompile Include="Billboards\BillboardRenderer_GS.cpp">
      <Filter>Billboards</Filter>
    </ClCompile>
    <ClCompile Include="Manager\LightManager.cpp">
      <Filter>Manager</Filter>
    </ClCompile>
    <ClCompile Include="PostProcess\ImageFilter.cpp">
      <Filter>PostProcess</Filter>
    </ClCompile>
    <ClCompile Include="PostProcess\PostProcess.cpp">
      <Filter>PostProcess</Filter>
    </ClCompile>
    <ClCompile Include="Renders\GraphicsCommon.cpp">
      <Filter>Renders</Filter>
    </ClCompile>
    <ClCompile Include="Renders\GraphicsPSO.cpp">
      <Filter>Renders</Filter>
    </ClCompile>
    <ClCompile Include="Utilities\D3D11Utils.cpp">
      <Filter>Utilities</Filter>
    </ClCompile>
    <ClCompile Include="Components\UActorComponent.cpp">
      <Filter>Components</Filter>
    </ClCompile>
    <ClCompile Include="Components\AActor.cpp">
      <Filter>Components</Filter>
    </ClCompile>
    <ClCompile Include="Components\UWorld.cpp">
      <Filter>Components</Filter>
    </ClCompile>
    <ClCompile Include="Components\USceneComponent.cpp">
      <Filter>Components</Filter>
    </ClCompile>
    <ClCompile Include="Components\UPrimitiveComponent.cpp">
      <Filter>Components</Filter>
    </ClCompile>
    <ClCompile Include="Components\UStaticMeshComponent.cpp">
      <Filter>Components</Filter>
    </ClCompile>
    <ClCompile Include="Renders\URenderQueue.cpp">
      <Filter>Renders</Filter>
    </ClCompile>
    <ClCompile Include="Renders\Model.cpp">
      <Filter>Renders</Filter>
    </ClCompile>
    <ClCompile Include="Core\UGameInstance.cpp">
      <Filter>Core</Filter>
    </ClCompile>
    <ClCompile Include="Renders\URenderer.cpp">
      <Filter>Renders</Filter>
    </ClCompile>
    <ClCompile Include="Components\USkyboxComponent.cpp">
      <Filter>Components</Filter>
    </ClCompile>
    <ClCompile Include="Core\URenderManager.cpp">
      <Filter>Core</Filter>
    </ClCompile>
    <ClCompile Include="Components\ULightComponent.cpp">
      <Filter>Components</Filter>
    </ClCompile>
    <ClCompile Include="Utilities\profiler.cpp">
      <Filter>Utilities</Filter>
    </ClCompile>
    <ClCompile Include="ImGUI\imgui.cpp">
      <Filter>ImGUI</Filter>
    </ClCompile>
    <ClCompile Include="ImGUI\imgui_demo.cpp">
      <Filter>ImGUI</Filter>
    </ClCompile>
    <ClCompile Include="ImGUI\imgui_draw.cpp">
      <Filter>ImGUI</Filter>
    </ClCompile>
    <ClCompile Include="ImGUI\imgui_impl_dx11.cpp">
      <Filter>ImGUI</Filter>
    </ClCompile>
    <ClCompile Include="ImGUI\imgui_impl_win32.cpp">
      <Filter>ImGUI</Filter>
    </ClCompile>
    <ClCompile Include="ImGUI\imgui_tables.cpp">
      <Filter>ImGUI</Filter>
    </ClCompile>
    <ClCompile Include="ImGUI\imgui_widgets.cpp">
      <Filter>ImGUI</Filter>
    </ClCompile>
    <ClCompile Include="ImGUI\ImGuizmo.cpp">
      <Filter>ImGUI</Filter>
    </ClCompile>
    <ClCompile Include="Editor\EditorApplication.cpp">
      <Filter>Editor</Filter>
    </ClCompile>
    <ClCompile Include="Editor\Entity.cpp">
      <Filter>Editor</Filter>
    </ClCompile>
    <ClCompile Include="Editor\Editor.cpp">
      <Filter>Editor</Filter>
    </ClCompile>
    <ClCompile Include="Editor\EditorWindow.cpp">
      <Filter>Editor</Filter>
    </ClCompile>
    <ClCompile Include="Editor\ImGuiManager.cpp">
      <Filter>Editor</Filter>
    </ClCompile>
    <ClCompile Include="Editor\InspectorWindow.cpp">
      <Filter>Editor</Filter>
    </ClCompile>
    <ClCompile Include="Editor\WorldOutlinerWindow.cpp">
      <Filter>Editor</Filter>
    </ClCompile>
    <ClCompile Include="Editor\EditorSelection.cpp">
      <Filter>Editor</Filter>
    </ClCompile>
    <ClCompile Include="Editor\TransformEditor.cpp">
      <Filter>Editor</Filter>
    </ClCompile>
    <ClCompile Include="Editor\LightEditor.cpp">
      <Filter>Editor</Filter>
    </ClCompile>
    <ClCompile Include="Editor\ComponentHierarchyWindow.cpp">
      <Filter>Editor</Filter>
    </ClCompile>
    <ClCompile Include="Editor\EditorGizmoSystem.cpp">
      <Filter>Editor</Filter>
    </ClCompile>
    <ClCompile Include="PostProcess\PostEffects.cpp">
      <Filter>PostProcess</Filter>
    </ClCompile>
    <ClCompile Include="Editor\RendererSettingsWindow.cpp">
      <Filter>Editor</Filter>
    </ClCompile>
    <ClCompile Include="Editor\StaticMeshEditor.cpp">
      <Filter>Editor</Filter>
    </ClCompile>
    <ClCompile Include="MathHelper.cpp">
      <Filter>Core</Filter>
    </ClCompile>
    <ClCompile Include="Components\USkinnedMeshComponent.cpp">
      <Filter>Components</Filter>
    </ClCompile>
    <ClCompile Include="Components\UStaticMeshRenderProxy.cpp">
      <Filter>Components\Proxy</Filter>
    </ClCompile>
    <ClCompile Include="Components\USkyboxRenderProxy.cpp">
      <Filter>Components\Proxy</Filter>
    </ClCompile>
    <ClCompile Include="Components\URenderProxy.cpp">
      <Filter>Components\Proxy</Filter>
    </ClCompile>
    <ClCompile Include="Components\USkinnedMeshRenderProxy.cpp">
      <Filter>Components\Proxy</Filter>
    </ClCompile>
    <ClCompile Include="Components\UAnimInstance.cpp">
      <Filter>Components</Filter>
    </ClCompile>
    <ClCompile Include="Components\USkeletalMeshComponent.cpp">
      <Filter>Components</Filter>
    </ClCompile>
    <ClCompile Include="Manager\CPUAssetManager.cpp">
      <Filter>Manager</Filter>
    </ClCompile>
    <ClCompile Include="Manager\GPUAssetManager.cpp">
      <Filter>Manager</Filter>
    </ClCompile>
    <ClCompile Include="Utilities\PerfMon.cpp">
      <Filter>Utilities</Filter>
    </ClCompile>
    <ClCompile Include="Editor\SkeletalEditor.cpp">
      <Filter>Editor</Filter>
    </ClCompile>
    <ClCompile Include="Animations\AnimationClip.cpp">
      <Filter>Animations</Filter>
    </ClCompile>
    <ClCompile Include="Editor\AnimationEditor.cpp">
      <Filter>Editor</Filter>
    </ClCompile>
    <ClCompile Include="Gameplay\AGameMode.cpp">
      <Filter>Gameplay</Filter>
    </ClCompile>
    <ClCompile Include="Gameplay\AController.cpp">
      <Filter>Gameplay</Filter>
    </ClCompile>
    <ClCompile Include="Gameplay\APlayerController.cpp">
      <Filter>Gameplay</Filter>
    </ClCompile>
    <ClCompile Include="Gameplay\APawn.cpp">
      <Filter>Gameplay</Filter>
    </ClCompile>
    <ClCompile Include="Gameplay\ACharacter.cpp">
      <Filter>Gameplay</Filter>
    </ClCompile>
    <ClCompile Include="Editor\PawnEditor.cpp">
      <Filter>Editor</Filter>
    </ClCompile>
    <ClCompile Include="Gameplay\ClassID.cpp">
      <Filter>Gameplay</Filter>
    </ClCompile>
    <ClCompile Include="Editor\ControllerEditor.cpp">
      <Filter>Editor</Filter>
    </ClCompile>
    <ClCompile Include="Editor\FEditorCommandQueue.cpp">
      <Filter>Editor</Filter>
    </ClCompile>
  </ItemGroup>
  <ItemGroup>
    <Filter Include="System">
      <UniqueIdentifier>{8262e727-55b7-40aa-9d81-f8e76e6daa5c}</UniqueIdentifier>
    </Filter>
    <Filter Include="Core">
      <UniqueIdentifier>{fa0473ea-682c-49bf-b9cc-b16a7ca4d9e9}</UniqueIdentifier>
    </Filter>
    <Filter Include="Viewer">
      <UniqueIdentifier>{d5bfacbd-0c28-411f-953f-f7e7a518813b}</UniqueIdentifier>
    </Filter>
    <Filter Include="Renders">
      <UniqueIdentifier>{7200435c-c23a-4f35-8071-b2f94b9c9da1}</UniqueIdentifier>
    </Filter>
    <Filter Include="Utilities">
      <UniqueIdentifier>{37a94cf9-7d08-4121-8d83-e148d9061a0c}</UniqueIdentifier>
    </Filter>
    <Filter Include="Shaders">
      <UniqueIdentifier>{c178a544-cbea-4590-82e7-98b8f6585634}</UniqueIdentifier>
    </Filter>
    <Filter Include="ModelTools">
      <UniqueIdentifier>{1ce62b9e-82f2-48b7-80ed-176c2c7ce3cb}</UniqueIdentifier>
    </Filter>
    <Filter Include="Manager">
      <UniqueIdentifier>{db5943e3-58fb-4303-bec0-03ba5299513d}</UniqueIdentifier>
    </Filter>
    <Filter Include="Components">
      <UniqueIdentifier>{13ed64e5-1f52-4489-89db-0988daf57be8}</UniqueIdentifier>
    </Filter>
    <Filter Include="Shaders\Billboards">
      <UniqueIdentifier>{00d10ce1-fb27-4697-bb30-7c76cafac197}</UniqueIdentifier>
    </Filter>
    <Filter Include="Billboards">
      <UniqueIdentifier>{bc8933c8-005b-41d7-9a75-1eef4994d147}</UniqueIdentifier>
    </Filter>
    <Filter Include="Shaders\BasicShader">
      <UniqueIdentifier>{e9ff52e4-8823-46d3-b397-ef628c4f36f8}</UniqueIdentifier>
    </Filter>
    <Filter Include="PostProcess">
      <UniqueIdentifier>{63156691-941e-4f6f-8649-c322af5b528e}</UniqueIdentifier>
    </Filter>
    <Filter Include="Shaders\PostProcess">
      <UniqueIdentifier>{ec07a421-db42-42e1-b993-f48ef6596988}</UniqueIdentifier>
    </Filter>
    <Filter Include="Shaders\CubeMapping">
      <UniqueIdentifier>{2f84181f-9a79-469a-aab3-7c8b8ddbb2b0}</UniqueIdentifier>
    </Filter>
    <Filter Include="Shaders\ObjectShader">
      <UniqueIdentifier>{1f908029-1ab8-44e5-b2f3-287533c2d6a3}</UniqueIdentifier>
    </Filter>
    <Filter Include="Shaders\DrawNormal">
      <UniqueIdentifier>{55a12397-0426-4a26-9914-155cce550763}</UniqueIdentifier>
    </Filter>
    <Filter Include="ImGUI">
      <UniqueIdentifier>{8f4cb728-2e29-4cd5-8856-0f32fb91384d}</UniqueIdentifier>
    </Filter>
    <Filter Include="ImGUIGizmo">
      <UniqueIdentifier>{76423dcd-e2cf-4b41-a029-edc6484cd115}</UniqueIdentifier>
    </Filter>
    <Filter Include="Editor">
      <UniqueIdentifier>{1bd56b89-9cd3-485c-a3e4-d701169d8baf}</UniqueIdentifier>
    </Filter>
    <Filter Include="Shaders\DepthMap">
      <UniqueIdentifier>{a44a5e1e-aa9e-4b75-a2d7-4be973fd24c6}</UniqueIdentifier>
    </Filter>
    <Filter Include="Animations">
      <UniqueIdentifier>{3ed78196-691f-4791-bb3e-86f7168e6008}</UniqueIdentifier>
    </Filter>
    <Filter Include="Components\Proxy">
      <UniqueIdentifier>{4b5f7c61-5d31-4350-9b31-3db4ff4e87bc}</UniqueIdentifier>
    </Filter>
    <Filter Include="Gameplay">
      <UniqueIdentifier>{a0234c5a-5e7d-4525-bf95-2f0261af0e8e}</UniqueIdentifier>
    </Filter>
  </ItemGroup>
  <ItemGroup>
    <FxCompile Include="Shaders\Billboards\BillboardPointsVertexShader.hlsl">
      <Filter>Shaders\Billboards</Filter>
    </FxCompile>
    <FxCompile Include="Shaders\Billboards\BillboardPointsGeometryShader.hlsl">
      <Filter>Shaders\Billboards</Filter>
    </FxCompile>
    <FxCompile Include="Shaders\Billboards\BillboardPointsPixelShader.hlsl">
      <Filter>Shaders\Billboards</Filter>
    </FxCompile>
    <FxCompile Include="Shaders\PostProcess\BloomDownPS.hlsl">
      <Filter>Shaders\PostProcess</Filter>
    </FxCompile>
    <FxCompile Include="Shaders\PostProcess\BloomUpPS.hlsl">
      <Filter>Shaders\PostProcess</Filter>
    </FxCompile>
    <FxCompile Include="Shaders\PostProcess\CombinePixelShader.hlsl">
      <Filter>Shaders\PostProcess</Filter>
    </FxCompile>
    <FxCompile Include="Shaders\PostProcess\SamplingVS.hlsl">
      <Filter>Shaders\PostProcess</Filter>
    </FxCompile>
    <FxCompile Include="Shaders\DrawNormal\NormalVS.hlsl">
      <Filter>Shaders\DrawNormal</Filter>
    </FxCompile>
    <FxCompile Include="Shaders\DrawNormal\NormalPS.hlsl">
      <Filter>Shaders\DrawNormal</Filter>
    </FxCompile>
    <FxCompile Include="Shaders\DrawNormal\NormalGS.hlsl">
      <Filter>Shaders\DrawNormal</Filter>
    </FxCompile>
    <FxCompile Include="Shaders\PostProcess\SimplePS.hlsl">
      <Filter>Shaders\PostProcess</Filter>
    </FxCompile>
    <FxCompile Include="Shaders\CubeMapping\SkyboxVS.hlsl">
      <Filter>Shaders\CubeMapping</Filter>
    </FxCompile>
    <FxCompile Include="Shaders\CubeMapping\SkyboxPS.hlsl">
      <Filter>Shaders\CubeMapping</Filter>
    </FxCompile>
    <FxCompile Include="Shaders\BasicShader\BasicVS.hlsl">
      <Filter>Shaders\BasicShader</Filter>
    </FxCompile>
    <FxCompile Include="Shaders\BasicShader\BasicPS.hlsl">
      <Filter>Shaders\BasicShader</Filter>
    </FxCompile>
    <FxCompile Include="Shaders\DepthMap\DepthOnlyPS.hlsl">
      <Filter>Shaders\DepthMap</Filter>
    </FxCompile>
    <FxCompile Include="Shaders\DepthMap\DepthOnlyVS.hlsl">
      <Filter>Shaders\DepthMap</Filter>
    </FxCompile>
    <FxCompile Include="Shaders\PostProcess\PostEffectsPS.hlsl">
      <Filter>Shaders\PostProcess</Filter>
    </FxCompile>
    <FxCompile Include="Shaders\BasicShader\BasicInstancedVS.hlsl">
      <Filter>Shaders\BasicShader</Filter>
    </FxCompile>
    <FxCompile Include="Shaders\DepthMap\DepthOnlyInstanceVS.hlsl">
      <Filter>Shaders\DepthMap</Filter>
    </FxCompile>
    <FxCompile Include="Shaders\BasicShader\BasicInstancedPS.hlsl">
      <Filter>Shaders\BasicShader</Filter>
    </FxCompile>
  </ItemGroup>
  <ItemGroup>
    <None Include="Shaders\VertexStructures.hlsli">
      <Filter>Shaders</Filter>
    </None>
    <None Include="Shaders\Common.hlsli">
      <Filter>Shaders</Filter>
    </None>
  </ItemGroup>
</Project>