<?xml version="1.0" encoding="utf-8"?>
<Project ToolsVersion="4.0" xmlns="http://schemas.microsoft.com/developer/msbuild/2003">
  <ItemGroup>
    <ClInclude Include="Pch.h" />
    <ClInclude Include="Environment\CubeMapSkyRenderer.h">
      <Filter>Environment</Filter>
    </ClInclude>
    <ClInclude Include="Environment\BillboardSystem.h">
      <Filter>Environment</Filter>
    </ClInclude>
    <ClInclude Include="Environment\TexturedGround.h">
      <Filter>Environment</Filter>
    </ClInclude>
    <ClInclude Include="Object\Mirror.h">
      <Filter>Object</Filter>
    </ClInclude>
    <ClInclude Include="Actors\AStaticMeshActor.h">
      <Filter>Actors</Filter>
    </ClInclude>
    <ClInclude Include="Actors\ASkyboxActor.h">
      <Filter>Actors</Filter>
    </ClInclude>
    <ClInclude Include="Actors\APlayer.h">
      <Filter>Actors</Filter>
    </ClInclude>
    <ClInclude Include="Actors\ALight.h">
      <Filter>Actors</Filter>
    </ClInclude>
    <ClInclude Include="ObjectCollection.h">
      <Filter>Actors</Filter>
    </ClInclude>
  </ItemGroup>
  <ItemGroup>
    <ClCompile Include="Pch.cpp" />
    <ClCompile Include="Environment\CubeMapSkyRenderer.cpp">
      <Filter>Environment</Filter>
    </ClCompile>
    <ClCompile Include="Environment\BillboardSystem.cpp">
      <Filter>Environment</Filter>
    </ClCompile>
    <ClCompile Include="Environment\TexturedGround.cpp">
      <Filter>Environment</Filter>
    </ClCompile>
    <ClCompile Include="Object\Mirror.cpp">
      <Filter>Object</Filter>
    </ClCompile>
    <ClCompile Include="Actors\AStaticMeshActor.cpp">
      <Filter>Actors</Filter>
    </ClCompile>
    <ClCompile Include="Actors\ASkyboxActor.cpp">
      <Filter>Actors</Filter>
    </ClCompile>
    <ClCompile Include="Actors\APlayer.cpp">
      <Filter>Actors</Filter>
    </ClCompile>
    <ClCompile Include="Actors\ALight.cpp">
      <Filter>Actors</Filter>
    </ClCompile>
    <ClCompile Include="ObjectCollection.cpp">
      <Filter>Actors</Filter>
    </ClCompile>
  </ItemGroup>
  <ItemGroup>
    <Filter Include="Environment">
      <UniqueIdentifier>{91c95479-9aa9-4058-8a91-61e56f82c2e1}</UniqueIdentifier>
    </Filter>
    <Filter Include="Object">
      <UniqueIdentifier>{d333e23d-d8d3-48dd-9e29-0addd90c9f0b}</UniqueIdentifier>
    </Filter>
    <Filter Include="Actors">
      <UniqueIdentifier>{20608105-08e3-4f3f-ae3f-22ef21aff477}</UniqueIdentifier>
    </Filter>
  </ItemGroup>
</Project>